
Microsoft Visual Studio Solution File, Format Version 12.00
# Visual Studio Version 17
VisualStudioVersion = 17.10.35004.147
MinimumVisualStudioVersion = 10.0.40219.1
Project("{FAE04EC0-301F-11D3-BF4B-00C04F79EFBC}") = "Projeto3b", "Projeto3b.csproj", "{56741BE5-26F6-40DA-A5DC-4713EA05492E}"
EndProject
Global
	GlobalSection(SolutionConfigurationPlatforms) = preSolution
		Debug|Any CPU = Debug|Any CPU
		Release|Any CPU = Release|Any CPU
	EndGlobalSection
	GlobalSection(ProjectConfigurationPlatforms) = postSolution
		{56741BE5-26F6-40DA-A5DC-4713EA05492E}.Debug|Any CPU.ActiveCfg = Debug|Any CPU
		{56741BE5-26F6-40DA-A5DC-4713EA05492E}.Debug|Any CPU.Build.0 = Debug|Any CPU
		{56741BE5-26F6-40DA-A5DC-4713EA05492E}.Release|Any CPU.ActiveCfg = Release|Any CPU
		{56741BE5-26F6-40DA-A5DC-4713EA05492E}.Release|Any CPU.Build.0 = Release|Any CPU
	EndGlobalSection
	GlobalSection(SolutionProperties) = preSolution
		HideSolutionNode = FALSE
	EndGlobalSection
	GlobalSection(ExtensibilityGlobals) = postSolution
		SolutionGuid = {60064EF6-FE2D-4A3F-B147-CD7D157ED48D}
	EndGlobalSection
EndGlobal
